
Microsoft Visual Studio Solution File, Format Version 12.00
# Visual Studio 15
VisualStudioVersion = 15.0.28307.852
MinimumVisualStudioVersion = 10.0.40219.1
Project("{FAE04EC0-301F-11D3-BF4B-00C04F79EFBC}") = "Reproductor", "Reproductor\Reproductor.csproj", "{E01417C0-2F2F-4782-867B-E10F1286BBB3}"
EndProject
Global
	GlobalSection(SolutionConfigurationPlatforms) = preSolution
		Debug|Any CPU = Debug|Any CPU
		Release|Any CPU = Release|Any CPU
	EndGlobalSection
	GlobalSection(ProjectConfigurationPlatforms) = postSolution
		{E01417C0-2F2F-4782-867B-E10F1286BBB3}.Debug|Any CPU.ActiveCfg = Debug|Any CPU
		{E01417C0-2F2F-4782-867B-E10F1286BBB3}.Debug|Any CPU.Build.0 = Debug|Any CPU
		{E01417C0-2F2F-4782-867B-E10F1286BBB3}.Release|Any CPU.ActiveCfg = Release|Any CPU
		{E01417C0-2F2F-4782-867B-E10F1286BBB3}.Release|Any CPU.Build.0 = Release|Any CPU
	EndGlobalSection
	GlobalSection(SolutionProperties) = preSolution
		HideSolutionNode = FALSE
	EndGlobalSection
	GlobalSection(ExtensibilityGlobals) = postSolution
		SolutionGuid = {6DF47DAC-5036-4353-AA92-609E63B4AF7A}
	EndGlobalSection
EndGlobal
